
Microsoft Visual Studio Solution File, Format Version 12.00
# Visual Studio Version 17
VisualStudioVersion = 17.7.34031.279
MinimumVisualStudioVersion = 10.0.40219.1
Project("{FAE04EC0-301F-11D3-BF4B-00C04F79EFBC}") = "Unit 2 - Methods (Functions)", "Unit 2 - Methods (Functions).csproj", "{69C4FD78-9B76-4D3F-8AAD-7C3AD57D958E}"
EndProject
Global
	GlobalSection(SolutionConfigurationPlatforms) = preSolution
		Debug|Any CPU = Debug|Any CPU
		Release|Any CPU = Release|Any CPU
	EndGlobalSection
	GlobalSection(ProjectConfigurationPlatforms) = postSolution
		{69C4FD78-9B76-4D3F-8AAD-7C3AD57D958E}.Debug|Any CPU.ActiveCfg = Debug|Any CPU
		{69C4FD78-9B76-4D3F-8AAD-7C3AD57D958E}.Debug|Any CPU.Build.0 = Debug|Any CPU
		{69C4FD78-9B76-4D3F-8AAD-7C3AD57D958E}.Release|Any CPU.ActiveCfg = Release|Any CPU
		{69C4FD78-9B76-4D3F-8AAD-7C3AD57D958E}.Release|Any CPU.Build.0 = Release|Any CPU
	EndGlobalSection
	GlobalSection(SolutionProperties) = preSolution
		HideSolutionNode = FALSE
	EndGlobalSection
	GlobalSection(ExtensibilityGlobals) = postSolution
		SolutionGuid = {655ABD39-6096-4E5B-8E22-17E980AAF391}
	EndGlobalSection
EndGlobal
