
Microsoft Visual Studio Solution File, Format Version 12.00
# Visual Studio Version 17
VisualStudioVersion = 17.7.34031.279
MinimumVisualStudioVersion = 10.0.40219.1
Project("{FAE04EC0-301F-11D3-BF4B-00C04F79EFBC}") = "Unit 4 - OOPb part 1", "Unit 4 - OOPb part 1.csproj", "{B8CFA03B-CBE8-45C0-B10A-12E34421A840}"
EndProject
Global
	GlobalSection(SolutionConfigurationPlatforms) = preSolution
		Debug|Any CPU = Debug|Any CPU
		Release|Any CPU = Release|Any CPU
	EndGlobalSection
	GlobalSection(ProjectConfigurationPlatforms) = postSolution
		{B8CFA03B-CBE8-45C0-B10A-12E34421A840}.Debug|Any CPU.ActiveCfg = Debug|Any CPU
		{B8CFA03B-CBE8-45C0-B10A-12E34421A840}.Debug|Any CPU.Build.0 = Debug|Any CPU
		{B8CFA03B-CBE8-45C0-B10A-12E34421A840}.Release|Any CPU.ActiveCfg = Release|Any CPU
		{B8CFA03B-CBE8-45C0-B10A-12E34421A840}.Release|Any CPU.Build.0 = Release|Any CPU
	EndGlobalSection
	GlobalSection(SolutionProperties) = preSolution
		HideSolutionNode = FALSE
	EndGlobalSection
	GlobalSection(ExtensibilityGlobals) = postSolution
		SolutionGuid = {3F779C24-DC95-4303-A733-AAF2BA872C61}
	EndGlobalSection
EndGlobal
