
Microsoft Visual Studio Solution File, Format Version 12.00
# Visual Studio Version 17
VisualStudioVersion = 17.7.34031.279
MinimumVisualStudioVersion = 10.0.40219.1
Project("{FAE04EC0-301F-11D3-BF4B-00C04F79EFBC}") = "Unit-7-Entity-Code-First", "Unit-7-Entity-Code-First.csproj", "{ADCF8C2A-1234-4022-8192-88201427A92B}"
EndProject
Global
	GlobalSection(SolutionConfigurationPlatforms) = preSolution
		Debug|Any CPU = Debug|Any CPU
		Release|Any CPU = Release|Any CPU
	EndGlobalSection
	GlobalSection(ProjectConfigurationPlatforms) = postSolution
		{ADCF8C2A-1234-4022-8192-88201427A92B}.Debug|Any CPU.ActiveCfg = Debug|Any CPU
		{ADCF8C2A-1234-4022-8192-88201427A92B}.Debug|Any CPU.Build.0 = Debug|Any CPU
		{ADCF8C2A-1234-4022-8192-88201427A92B}.Release|Any CPU.ActiveCfg = Release|Any CPU
		{ADCF8C2A-1234-4022-8192-88201427A92B}.Release|Any CPU.Build.0 = Release|Any CPU
	EndGlobalSection
	GlobalSection(SolutionProperties) = preSolution
		HideSolutionNode = FALSE
	EndGlobalSection
	GlobalSection(ExtensibilityGlobals) = postSolution
		SolutionGuid = {959EE8C0-9EB2-462B-AA7B-397439C36D66}
	EndGlobalSection
EndGlobal
