
Microsoft Visual Studio Solution File, Format Version 12.00
# Visual Studio Version 17
VisualStudioVersion = 17.7.34031.279
MinimumVisualStudioVersion = 10.0.40219.1
Project("{FAE04EC0-301F-11D3-BF4B-00C04F79EFBC}") = "Unit 3 - LINQ", "Unit 3 - LINQ.csproj", "{564E0DA5-DA39-4D6D-94C8-8137E48AF5CD}"
EndProject
Global
	GlobalSection(SolutionConfigurationPlatforms) = preSolution
		Debug|Any CPU = Debug|Any CPU
		Release|Any CPU = Release|Any CPU
	EndGlobalSection
	GlobalSection(ProjectConfigurationPlatforms) = postSolution
		{564E0DA5-DA39-4D6D-94C8-8137E48AF5CD}.Debug|Any CPU.ActiveCfg = Debug|Any CPU
		{564E0DA5-DA39-4D6D-94C8-8137E48AF5CD}.Debug|Any CPU.Build.0 = Debug|Any CPU
		{564E0DA5-DA39-4D6D-94C8-8137E48AF5CD}.Release|Any CPU.ActiveCfg = Release|Any CPU
		{564E0DA5-DA39-4D6D-94C8-8137E48AF5CD}.Release|Any CPU.Build.0 = Release|Any CPU
	EndGlobalSection
	GlobalSection(SolutionProperties) = preSolution
		HideSolutionNode = FALSE
	EndGlobalSection
	GlobalSection(ExtensibilityGlobals) = postSolution
		SolutionGuid = {A6126C28-5525-4202-9DD6-AD5431891285}
	EndGlobalSection
EndGlobal
