
Microsoft Visual Studio Solution File, Format Version 12.00
# Visual Studio Version 17
VisualStudioVersion = 17.7.34031.279
MinimumVisualStudioVersion = 10.0.40219.1
Project("{FAE04EC0-301F-11D3-BF4B-00C04F79EFBC}") = "Unit 4 - OOP intro", "Unit 4 - OOP intro.csproj", "{F2877882-6978-445A-AB5E-14C348C6602C}"
EndProject
Global
	GlobalSection(SolutionConfigurationPlatforms) = preSolution
		Debug|Any CPU = Debug|Any CPU
		Release|Any CPU = Release|Any CPU
	EndGlobalSection
	GlobalSection(ProjectConfigurationPlatforms) = postSolution
		{F2877882-6978-445A-AB5E-14C348C6602C}.Debug|Any CPU.ActiveCfg = Debug|Any CPU
		{F2877882-6978-445A-AB5E-14C348C6602C}.Debug|Any CPU.Build.0 = Debug|Any CPU
		{F2877882-6978-445A-AB5E-14C348C6602C}.Release|Any CPU.ActiveCfg = Release|Any CPU
		{F2877882-6978-445A-AB5E-14C348C6602C}.Release|Any CPU.Build.0 = Release|Any CPU
	EndGlobalSection
	GlobalSection(SolutionProperties) = preSolution
		HideSolutionNode = FALSE
	EndGlobalSection
	GlobalSection(ExtensibilityGlobals) = postSolution
		SolutionGuid = {9ED8BF7D-8E7B-4141-9895-DF5090D39A5D}
	EndGlobalSection
EndGlobal
