
Microsoft Visual Studio Solution File, Format Version 12.00
# Visual Studio Version 17
VisualStudioVersion = 17.7.34031.279
MinimumVisualStudioVersion = 10.0.40219.1
Project("{FAE04EC0-301F-11D3-BF4B-00C04F79EFBC}") = "Unit 3 - Regular Expression", "Unit 3 - Regular Expression.csproj", "{FB2C74FE-C34D-4256-B0A6-273A825532E5}"
EndProject
Global
	GlobalSection(SolutionConfigurationPlatforms) = preSolution
		Debug|Any CPU = Debug|Any CPU
		Release|Any CPU = Release|Any CPU
	EndGlobalSection
	GlobalSection(ProjectConfigurationPlatforms) = postSolution
		{FB2C74FE-C34D-4256-B0A6-273A825532E5}.Debug|Any CPU.ActiveCfg = Debug|Any CPU
		{FB2C74FE-C34D-4256-B0A6-273A825532E5}.Debug|Any CPU.Build.0 = Debug|Any CPU
		{FB2C74FE-C34D-4256-B0A6-273A825532E5}.Release|Any CPU.ActiveCfg = Release|Any CPU
		{FB2C74FE-C34D-4256-B0A6-273A825532E5}.Release|Any CPU.Build.0 = Release|Any CPU
	EndGlobalSection
	GlobalSection(SolutionProperties) = preSolution
		HideSolutionNode = FALSE
	EndGlobalSection
	GlobalSection(ExtensibilityGlobals) = postSolution
		SolutionGuid = {8F5656F5-7023-4287-BB7F-73690D9A7549}
	EndGlobalSection
EndGlobal
