
Microsoft Visual Studio Solution File, Format Version 12.00
# Visual Studio Version 17
VisualStudioVersion = 17.7.34031.279
MinimumVisualStudioVersion = 10.0.40219.1
Project("{FAE04EC0-301F-11D3-BF4B-00C04F79EFBC}") = "Unit 3 - Arrays", "Unit 3 - Arrays.csproj", "{6CADA121-87CE-462F-832C-8C6C356B3528}"
EndProject
Global
	GlobalSection(SolutionConfigurationPlatforms) = preSolution
		Debug|Any CPU = Debug|Any CPU
		Release|Any CPU = Release|Any CPU
	EndGlobalSection
	GlobalSection(ProjectConfigurationPlatforms) = postSolution
		{6CADA121-87CE-462F-832C-8C6C356B3528}.Debug|Any CPU.ActiveCfg = Debug|Any CPU
		{6CADA121-87CE-462F-832C-8C6C356B3528}.Debug|Any CPU.Build.0 = Debug|Any CPU
		{6CADA121-87CE-462F-832C-8C6C356B3528}.Release|Any CPU.ActiveCfg = Release|Any CPU
		{6CADA121-87CE-462F-832C-8C6C356B3528}.Release|Any CPU.Build.0 = Release|Any CPU
	EndGlobalSection
	GlobalSection(SolutionProperties) = preSolution
		HideSolutionNode = FALSE
	EndGlobalSection
	GlobalSection(ExtensibilityGlobals) = postSolution
		SolutionGuid = {A402A8D0-BBE9-47AE-BD38-FEF3B0FA9604}
	EndGlobalSection
EndGlobal
