
Microsoft Visual Studio Solution File, Format Version 12.00
# Visual Studio Version 17
VisualStudioVersion = 17.7.34031.279
MinimumVisualStudioVersion = 10.0.40219.1
Project("{FAE04EC0-301F-11D3-BF4B-00C04F79EFBC}") = "Unit 5 - Unit testing TDD", "Unit 5 - Unit testing TDD.csproj", "{9A78D483-EB61-425D-8A7C-D4F8E906B38F}"
EndProject
Project("{FAE04EC0-301F-11D3-BF4B-00C04F79EFBC}") = "TestProject1", "TestProject1\TestProject1.csproj", "{45F0735D-BAE5-49B4-9323-429D58C4FC08}"
EndProject
Global
	GlobalSection(SolutionConfigurationPlatforms) = preSolution
		Debug|Any CPU = Debug|Any CPU
		Release|Any CPU = Release|Any CPU
	EndGlobalSection
	GlobalSection(ProjectConfigurationPlatforms) = postSolution
		{9A78D483-EB61-425D-8A7C-D4F8E906B38F}.Debug|Any CPU.ActiveCfg = Debug|Any CPU
		{9A78D483-EB61-425D-8A7C-D4F8E906B38F}.Debug|Any CPU.Build.0 = Debug|Any CPU
		{9A78D483-EB61-425D-8A7C-D4F8E906B38F}.Release|Any CPU.ActiveCfg = Release|Any CPU
		{9A78D483-EB61-425D-8A7C-D4F8E906B38F}.Release|Any CPU.Build.0 = Release|Any CPU
		{45F0735D-BAE5-49B4-9323-429D58C4FC08}.Debug|Any CPU.ActiveCfg = Debug|Any CPU
		{45F0735D-BAE5-49B4-9323-429D58C4FC08}.Debug|Any CPU.Build.0 = Debug|Any CPU
		{45F0735D-BAE5-49B4-9323-429D58C4FC08}.Release|Any CPU.ActiveCfg = Release|Any CPU
		{45F0735D-BAE5-49B4-9323-429D58C4FC08}.Release|Any CPU.Build.0 = Release|Any CPU
	EndGlobalSection
	GlobalSection(SolutionProperties) = preSolution
		HideSolutionNode = FALSE
	EndGlobalSection
	GlobalSection(ExtensibilityGlobals) = postSolution
		SolutionGuid = {BECC7C26-6048-49CA-A5FF-7639B6DE2AE9}
	EndGlobalSection
EndGlobal
