
Microsoft Visual Studio Solution File, Format Version 12.00
# Visual Studio Version 17
VisualStudioVersion = 17.7.34031.279
MinimumVisualStudioVersion = 10.0.40219.1
Project("{FAE04EC0-301F-11D3-BF4B-00C04F79EFBC}") = "Unit 4 - OOPa part 2", "Unit 4 - OOPa part 2.csproj", "{543D3D8A-5FF1-4A83-B78B-E70E05925C49}"
EndProject
Global
	GlobalSection(SolutionConfigurationPlatforms) = preSolution
		Debug|Any CPU = Debug|Any CPU
		Release|Any CPU = Release|Any CPU
	EndGlobalSection
	GlobalSection(ProjectConfigurationPlatforms) = postSolution
		{543D3D8A-5FF1-4A83-B78B-E70E05925C49}.Debug|Any CPU.ActiveCfg = Debug|Any CPU
		{543D3D8A-5FF1-4A83-B78B-E70E05925C49}.Debug|Any CPU.Build.0 = Debug|Any CPU
		{543D3D8A-5FF1-4A83-B78B-E70E05925C49}.Release|Any CPU.ActiveCfg = Release|Any CPU
		{543D3D8A-5FF1-4A83-B78B-E70E05925C49}.Release|Any CPU.Build.0 = Release|Any CPU
	EndGlobalSection
	GlobalSection(SolutionProperties) = preSolution
		HideSolutionNode = FALSE
	EndGlobalSection
	GlobalSection(ExtensibilityGlobals) = postSolution
		SolutionGuid = {213BDC6F-AB22-4D30-832D-FB27F1EA3FCE}
	EndGlobalSection
EndGlobal
