
Microsoft Visual Studio Solution File, Format Version 12.00
# Visual Studio Version 17
VisualStudioVersion = 17.7.34031.279
MinimumVisualStudioVersion = 10.0.40219.1
Project("{FAE04EC0-301F-11D3-BF4B-00C04F79EFBC}") = "Unit 3 - Exception Handling", "Unit 3 - Exception Handling.csproj", "{C0B8203F-0B12-4D2E-8812-631103F74CAE}"
EndProject
Global
	GlobalSection(SolutionConfigurationPlatforms) = preSolution
		Debug|Any CPU = Debug|Any CPU
		Release|Any CPU = Release|Any CPU
	EndGlobalSection
	GlobalSection(ProjectConfigurationPlatforms) = postSolution
		{C0B8203F-0B12-4D2E-8812-631103F74CAE}.Debug|Any CPU.ActiveCfg = Debug|Any CPU
		{C0B8203F-0B12-4D2E-8812-631103F74CAE}.Debug|Any CPU.Build.0 = Debug|Any CPU
		{C0B8203F-0B12-4D2E-8812-631103F74CAE}.Release|Any CPU.ActiveCfg = Release|Any CPU
		{C0B8203F-0B12-4D2E-8812-631103F74CAE}.Release|Any CPU.Build.0 = Release|Any CPU
	EndGlobalSection
	GlobalSection(SolutionProperties) = preSolution
		HideSolutionNode = FALSE
	EndGlobalSection
	GlobalSection(ExtensibilityGlobals) = postSolution
		SolutionGuid = {8AD2E076-38D1-4B1E-8CA6-3A4E6AFBF885}
	EndGlobalSection
EndGlobal
